
Microsoft Visual Studio Solution File, Format Version 12.00
# Visual Studio Version 16
VisualStudioVersion = 16.0.31129.286
MinimumVisualStudioVersion = 10.0.40219.1
Project("{FAE04EC0-301F-11D3-BF4B-00C04F79EFBC}") = "Assistant_Virtual", "Assistant_Virtual.csproj", "{A01F16A5-BFF6-4AF8-BE60-FAD9624D5DFF}"
EndProject
Global
	GlobalSection(SolutionConfigurationPlatforms) = preSolution
		Debug|Any CPU = Debug|Any CPU
		Release|Any CPU = Release|Any CPU
	EndGlobalSection
	GlobalSection(ProjectConfigurationPlatforms) = postSolution
		{A01F16A5-BFF6-4AF8-BE60-FAD9624D5DFF}.Debug|Any CPU.ActiveCfg = Debug|Any CPU
		{A01F16A5-BFF6-4AF8-BE60-FAD9624D5DFF}.Debug|Any CPU.Build.0 = Debug|Any CPU
		{A01F16A5-BFF6-4AF8-BE60-FAD9624D5DFF}.Release|Any CPU.ActiveCfg = Release|Any CPU
		{A01F16A5-BFF6-4AF8-BE60-FAD9624D5DFF}.Release|Any CPU.Build.0 = Release|Any CPU
	EndGlobalSection
	GlobalSection(SolutionProperties) = preSolution
		HideSolutionNode = FALSE
	EndGlobalSection
	GlobalSection(ExtensibilityGlobals) = postSolution
		SolutionGuid = {14519364-58B2-4339-8D3E-75B43BBD0207}
	EndGlobalSection
EndGlobal
